
Microsoft Visual Studio Solution File, Format Version 12.00
# Visual Studio Version 17
VisualStudioVersion = 17.4.33403.182
MinimumVisualStudioVersion = 10.0.40219.1
Project("{FAE04EC0-301F-11D3-BF4B-00C04F79EFBC}") = "CourseProjectFEM", "CourseProjectFEM\CourseProjectFEM.csproj", "{59657871-B719-40F8-9A80-DEA89E798855}"
EndProject
Global
	GlobalSection(SolutionConfigurationPlatforms) = preSolution
		Debug|Any CPU = Debug|Any CPU
		Release|Any CPU = Release|Any CPU
	EndGlobalSection
	GlobalSection(ProjectConfigurationPlatforms) = postSolution
		{59657871-B719-40F8-9A80-DEA89E798855}.Debug|Any CPU.ActiveCfg = Debug|Any CPU
		{59657871-B719-40F8-9A80-DEA89E798855}.Debug|Any CPU.Build.0 = Debug|Any CPU
		{59657871-B719-40F8-9A80-DEA89E798855}.Release|Any CPU.ActiveCfg = Release|Any CPU
		{59657871-B719-40F8-9A80-DEA89E798855}.Release|Any CPU.Build.0 = Release|Any CPU
	EndGlobalSection
	GlobalSection(SolutionProperties) = preSolution
		HideSolutionNode = FALSE
	EndGlobalSection
	GlobalSection(ExtensibilityGlobals) = postSolution
		SolutionGuid = {4C70B8FA-2AAA-4ACA-81EA-2354089B5477}
	EndGlobalSection
EndGlobal
